// !$*UTF8*$!
{
	archiveVersion = 1;
	classes = {
	};
	objectVersion = 77;
	objects = {

/* Begin PBXBuildFile section */
		D530334C2E16B0CD00E8341F /* WidgetKit.framework in Frameworks */ = {isa = PBXBuildFile; fileRef = D530334B2E16B0CD00E8341F /* WidgetKit.framework */; };
		D530334E2E16B0CD00E8341F /* SwiftUI.framework in Frameworks */ = {isa = PBXBuildFile; fileRef = D530334D2E16B0CD00E8341F /* SwiftUI.framework */; };
		D53033602E16B0CF00E8341F /* MomentumWidgetExtension.appex in Embed Foundation Extensions */ = {isa = PBXBuildFile; fileRef = D53033492E16B0CD00E8341F /* MomentumWidgetExtension.appex */; settings = {ATTRIBUTES = (RemoveHeadersOnCopy, ); }; };
/* End PBXBuildFile section */

/* Begin PBXContainerItemProxy section */
		D530315C2E113ACD00E8341F /* PBXContainerItemProxy */ = {
			isa = PBXContainerItemProxy;
			containerPortal = D530313C2E113ACB00E8341F /* Project object */;
			proxyType = 1;
			remoteGlobalIDString = D53031432E113ACB00E8341F;
			remoteInfo = Momentum;
		};
		D53031662E113ACD00E8341F /* PBXContainerItemProxy */ = {
			isa = PBXContainerItemProxy;
			containerPortal = D530313C2E113ACB00E8341F /* Project object */;
			proxyType = 1;
			remoteGlobalIDString = D53031432E113ACB00E8341F;
			remoteInfo = Momentum;
		};
		D530335D2E16B0CF00E8341F /* PBXContainerItemProxy */ = {
			isa = PBXContainerItemProxy;
			containerPortal = D530313C2E113ACB00E8341F /* Project object */;
			proxyType = 1;
			remoteGlobalIDString = D53033482E16B0CD00E8341F;
			remoteInfo = MomentumWidgetExtension;
		};
/* End PBXContainerItemProxy section */

/* Begin PBXCopyFilesBuildPhase section */
		D530335F2E16B0CF00E8341F /* Embed Foundation Extensions */ = {
			isa = PBXCopyFilesBuildPhase;
			buildActionMask = 2147483647;
			dstPath = "";
			dstSubfolderSpec = 13;
			files = (
				D53033602E16B0CF00E8341F /* MomentumWidgetExtension.appex in Embed Foundation Extensions */,
			);
			name = "Embed Foundation Extensions";
			runOnlyForDeploymentPostprocessing = 0;
		};
/* End PBXCopyFilesBuildPhase section */

/* Begin PBXFileReference section */
		D50147C72E293AF200BB39DC /* maynooth.xcodeproj */ = {isa = PBXFileReference; lastKnownFileType = "wrapper.pb-project"; path = maynooth.xcodeproj; sourceTree = "<group>"; };
		D53031442E113ACB00E8341F /* Momentum.app */ = {isa = PBXFileReference; explicitFileType = wrapper.application; includeInIndex = 0; path = Momentum.app; sourceTree = BUILT_PRODUCTS_DIR; };
		D530315B2E113ACD00E8341F /* MomentumTests.xctest */ = {isa = PBXFileReference; explicitFileType = wrapper.cfbundle; includeInIndex = 0; path = MomentumTests.xctest; sourceTree = BUILT_PRODUCTS_DIR; };
		D53031652E113ACD00E8341F /* MomentumUITests.xctest */ = {isa = PBXFileReference; explicitFileType = wrapper.cfbundle; includeInIndex = 0; path = MomentumUITests.xctest; sourceTree = BUILT_PRODUCTS_DIR; };
		D53033492E16B0CD00E8341F /* MomentumWidgetExtension.appex */ = {isa = PBXFileReference; explicitFileType = "wrapper.app-extension"; includeInIndex = 0; path = MomentumWidgetExtension.appex; sourceTree = BUILT_PRODUCTS_DIR; };
		D530334B2E16B0CD00E8341F /* WidgetKit.framework */ = {isa = PBXFileReference; lastKnownFileType = wrapper.framework; name = WidgetKit.framework; path = System/Library/Frameworks/WidgetKit.framework; sourceTree = SDKROOT; };
		D530334D2E16B0CD00E8341F /* SwiftUI.framework */ = {isa = PBXFileReference; lastKnownFileType = wrapper.framework; name = SwiftUI.framework; path = System/Library/Frameworks/SwiftUI.framework; sourceTree = SDKROOT; };
		D53033712E16BE4400E8341F /* MomentumWidgetExtension.entitlements */ = {isa = PBXFileReference; lastKnownFileType = text.plist.entitlements; path = MomentumWidgetExtension.entitlements; sourceTree = "<group>"; };
/* End PBXFileReference section */

/* Begin PBXFileSystemSynchronizedBuildFileExceptionSet section */
		D530316D2E113ACD00E8341F /* Exceptions for "Momentum" folder in "Momentum" target */ = {
			isa = PBXFileSystemSynchronizedBuildFileExceptionSet;
			membershipExceptions = (
				Info.plist,
			);
			target = D53031432E113ACB00E8341F /* Momentum */;
		};
		D530336F2E16BD9B00E8341F /* Exceptions for "Momentum" folder in "MomentumWidgetExtension" target */ = {
			isa = PBXFileSystemSynchronizedBuildFileExceptionSet;
			membershipExceptions = (
				Managers/PersistenceController.swift,
				Momentum.xcdatamodeld,
				Protocols/PersistenceProviding.swift,
			);
			target = D53033482E16B0CD00E8341F /* MomentumWidgetExtension */;
		};
		D53033752E16BFF400E8341F /* Exceptions for "MomentumWidget" folder in "MomentumWidgetExtension" target */ = {
			isa = PBXFileSystemSynchronizedBuildFileExceptionSet;
			membershipExceptions = (
				Info.plist,
			);
			target = D53033482E16B0CD00E8341F /* MomentumWidgetExtension */;
		};
/* End PBXFileSystemSynchronizedBuildFileExceptionSet section */

/* Begin PBXFileSystemSynchronizedRootGroup section */
		D53031462E113ACB00E8341F /* Momentum */ = {
			isa = PBXFileSystemSynchronizedRootGroup;
			exceptions = (
				D530316D2E113ACD00E8341F /* Exceptions for "Momentum" folder in "Momentum" target */,
				D530336F2E16BD9B00E8341F /* Exceptions for "Momentum" folder in "MomentumWidgetExtension" target */,
			);
			path = Momentum;
			sourceTree = "<group>";
		};
		D530315E2E113ACD00E8341F /* MomentumTests */ = {
			isa = PBXFileSystemSynchronizedRootGroup;
			path = MomentumTests;
			sourceTree = "<group>";
		};
		D53031682E113ACD00E8341F /* MomentumUITests */ = {
			isa = PBXFileSystemSynchronizedRootGroup;
			path = MomentumUITests;
			sourceTree = "<group>";
		};
		D530334F2E16B0CD00E8341F /* MomentumWidget */ = {
			isa = PBXFileSystemSynchronizedRootGroup;
			exceptions = (
				D53033752E16BFF400E8341F /* Exceptions for "MomentumWidget" folder in "MomentumWidgetExtension" target */,
			);
			path = MomentumWidget;
			sourceTree = "<group>";
		};
/* End PBXFileSystemSynchronizedRootGroup section */

/* Begin PBXFrameworksBuildPhase section */
		D53031412E113ACB00E8341F /* Frameworks */ = {
			isa = PBXFrameworksBuildPhase;
			buildActionMask = 2147483647;
			files = (
			);
			runOnlyForDeploymentPostprocessing = 0;
		};
		D53031582E113ACD00E8341F /* Frameworks */ = {
			isa = PBXFrameworksBuildPhase;
			buildActionMask = 2147483647;
			files = (
			);
			runOnlyForDeploymentPostprocessing = 0;
		};
		D53031622E113ACD00E8341F /* Frameworks */ = {
			isa = PBXFrameworksBuildPhase;
			buildActionMask = 2147483647;
			files = (
			);
			runOnlyForDeploymentPostprocessing = 0;
		};
		D53033462E16B0CD00E8341F /* Frameworks */ = {
			isa = PBXFrameworksBuildPhase;
			buildActionMask = 2147483647;
			files = (
				D530334E2E16B0CD00E8341F /* SwiftUI.framework in Frameworks */,
				D530334C2E16B0CD00E8341F /* WidgetKit.framework in Frameworks */,
			);
			runOnlyForDeploymentPostprocessing = 0;
		};
/* End PBXFrameworksBuildPhase section */

/* Begin PBXGroup section */
		D50147C92E293AF200BB39DC /* Products */ = {
			isa = PBXGroup;
			children = (
			);
			name = Products;
			sourceTree = "<group>";
		};
		D530313B2E113ACB00E8341F = {
			isa = PBXGroup;
			children = (
				D53033712E16BE4400E8341F /* MomentumWidgetExtension.entitlements */,
				D53031462E113ACB00E8341F /* Momentum */,
				D530315E2E113ACD00E8341F /* MomentumTests */,
				D53031682E113ACD00E8341F /* MomentumUITests */,
				D530334F2E16B0CD00E8341F /* MomentumWidget */,
				D530334A2E16B0CD00E8341F /* Frameworks */,
				D53031452E113ACB00E8341F /* Products */,
			);
			sourceTree = "<group>";
		};
		D53031452E113ACB00E8341F /* Products */ = {
			isa = PBXGroup;
			children = (
				D53031442E113ACB00E8341F /* Momentum.app */,
				D530315B2E113ACD00E8341F /* MomentumTests.xctest */,
				D53031652E113ACD00E8341F /* MomentumUITests.xctest */,
				D53033492E16B0CD00E8341F /* MomentumWidgetExtension.appex */,
			);
			name = Products;
			sourceTree = "<group>";
		};
		D530334A2E16B0CD00E8341F /* Frameworks */ = {
			isa = PBXGroup;
			children = (
				D530334B2E16B0CD00E8341F /* WidgetKit.framework */,
				D530334D2E16B0CD00E8341F /* SwiftUI.framework */,
			);
			name = Frameworks;
			sourceTree = "<group>";
		};
/* End PBXGroup section */

/* Begin PBXNativeTarget section */
		D53031432E113ACB00E8341F /* Momentum */ = {
			isa = PBXNativeTarget;
			buildConfigurationList = D530316E2E113ACD00E8341F /* Build configuration list for PBXNativeTarget "Momentum" */;
			buildPhases = (
				D53031402E113ACB00E8341F /* Sources */,
				D53031412E113ACB00E8341F /* Frameworks */,
				D53031422E113ACB00E8341F /* Resources */,
				D530335F2E16B0CF00E8341F /* Embed Foundation Extensions */,
			);
			buildRules = (
			);
			dependencies = (
				D530335E2E16B0CF00E8341F /* PBXTargetDependency */,
			);
			fileSystemSynchronizedGroups = (
				D53031462E113ACB00E8341F /* Momentum */,
			);
			name = Momentum;
			packageProductDependencies = (
			);
			productName = Momentum;
			productReference = D53031442E113ACB00E8341F /* Momentum.app */;
			productType = "com.apple.product-type.application";
		};
		D530315A2E113ACD00E8341F /* MomentumTests */ = {
			isa = PBXNativeTarget;
			buildConfigurationList = D53031732E113ACD00E8341F /* Build configuration list for PBXNativeTarget "MomentumTests" */;
			buildPhases = (
				D53031572E113ACD00E8341F /* Sources */,
				D53031582E113ACD00E8341F /* Frameworks */,
				D53031592E113ACD00E8341F /* Resources */,
			);
			buildRules = (
			);
			dependencies = (
				D530315D2E113ACD00E8341F /* PBXTargetDependency */,
			);
			fileSystemSynchronizedGroups = (
				D530315E2E113ACD00E8341F /* MomentumTests */,
			);
			name = MomentumTests;
			packageProductDependencies = (
			);
			productName = MomentumTests;
			productReference = D530315B2E113ACD00E8341F /* MomentumTests.xctest */;
			productType = "com.apple.product-type.bundle.unit-test";
		};
		D53031642E113ACD00E8341F /* MomentumUITests */ = {
			isa = PBXNativeTarget;
			buildConfigurationList = D53031762E113ACD00E8341F /* Build configuration list for PBXNativeTarget "MomentumUITests" */;
			buildPhases = (
				D53031612E113ACD00E8341F /* Sources */,
				D53031622E113ACD00E8341F /* Frameworks */,
				D53031632E113ACD00E8341F /* Resources */,
			);
			buildRules = (
			);
			dependencies = (
				D53031672E113ACD00E8341F /* PBXTargetDependency */,
			);
			fileSystemSynchronizedGroups = (
				D53031682E113ACD00E8341F /* MomentumUITests */,
			);
			name = MomentumUITests;
			packageProductDependencies = (
			);
			productName = MomentumUITests;
			productReference = D53031652E113ACD00E8341F /* MomentumUITests.xctest */;
			productType = "com.apple.product-type.bundle.ui-testing";
		};
		D53033482E16B0CD00E8341F /* MomentumWidgetExtension */ = {
			isa = PBXNativeTarget;
			buildConfigurationList = D53033612E16B0CF00E8341F /* Build configuration list for PBXNativeTarget "MomentumWidgetExtension" */;
			buildPhases = (
				D53033452E16B0CD00E8341F /* Sources */,
				D53033462E16B0CD00E8341F /* Frameworks */,
				D53033472E16B0CD00E8341F /* Resources */,
			);
			buildRules = (
			);
			dependencies = (
			);
			fileSystemSynchronizedGroups = (
				D530334F2E16B0CD00E8341F /* MomentumWidget */,
			);
			name = MomentumWidgetExtension;
			packageProductDependencies = (
			);
			productName = MomentumWidgetExtension;
			productReference = D53033492E16B0CD00E8341F /* MomentumWidgetExtension.appex */;
			productType = "com.apple.product-type.app-extension";
		};
/* End PBXNativeTarget section */

/* Begin PBXProject section */
		D530313C2E113ACB00E8341F /* Project object */ = {
			isa = PBXProject;
			attributes = {
				BuildIndependentTargetsInParallel = 1;
				LastSwiftUpdateCheck = 1600;
				LastUpgradeCheck = 1600;
				TargetAttributes = {
					D53031432E113ACB00E8341F = {
						CreatedOnToolsVersion = 16.0;
					};
					D530315A2E113ACD00E8341F = {
						CreatedOnToolsVersion = 16.0;
						TestTargetID = D53031432E113ACB00E8341F;
					};
					D53031642E113ACD00E8341F = {
						CreatedOnToolsVersion = 16.0;
						TestTargetID = D53031432E113ACB00E8341F;
					};
					D53033482E16B0CD00E8341F = {
						CreatedOnToolsVersion = 16.0;
					};
				};
			};
			buildConfigurationList = D530313F2E113ACB00E8341F /* Build configuration list for PBXProject "Momentum" */;
			developmentRegion = en;
			hasScannedForEncodings = 0;
			knownRegions = (
				en,
				Base,
			);
			mainGroup = D530313B2E113ACB00E8341F;
			minimizedProjectReferenceProxies = 1;
			preferredProjectObjectVersion = 77;
			productRefGroup = D53031452E113ACB00E8341F /* Products */;
			projectDirPath = "";
			projectReferences = (
				{
					ProductGroup = D50147C92E293AF200BB39DC /* Products */;
					ProjectRef = D50147C72E293AF200BB39DC /* maynooth.xcodeproj */;
				},
			);
			projectRoot = "";
			targets = (
				D53031432E113ACB00E8341F /* Momentum */,
				D530315A2E113ACD00E8341F /* MomentumTests */,
				D53031642E113ACD00E8341F /* MomentumUITests */,
				D53033482E16B0CD00E8341F /* MomentumWidgetExtension */,
			);
		};
/* End PBXProject section */

/* Begin PBXResourcesBuildPhase section */
		D53031422E113ACB00E8341F /* Resources */ = {
			isa = PBXResourcesBuildPhase;
			buildActionMask = 2147483647;
			files = (
			);
			runOnlyForDeploymentPostprocessing = 0;
		};
		D53031592E113ACD00E8341F /* Resources */ = {
			isa = PBXResourcesBuildPhase;
			buildActionMask = 2147483647;
			files = (
			);
			runOnlyForDeploymentPostprocessing = 0;
		};
		D53031632E113ACD00E8341F /* Resources */ = {
			isa = PBXResourcesBuildPhase;
			buildActionMask = 2147483647;
			files = (
			);
			runOnlyForDeploymentPostprocessing = 0;
		};
		D53033472E16B0CD00E8341F /* Resources */ = {
			isa = PBXResourcesBuildPhase;
			buildActionMask = 2147483647;
			files = (
			);
			runOnlyForDeploymentPostprocessing = 0;
		};
/* End PBXResourcesBuildPhase section */

/* Begin PBXSourcesBuildPhase section */
		D53031402E113ACB00E8341F /* Sources */ = {
			isa = PBXSourcesBuildPhase;
			buildActionMask = 2147483647;
			files = (
			);
			runOnlyForDeploymentPostprocessing = 0;
		};
		D53031572E113ACD00E8341F /* Sources */ = {
			isa = PBXSourcesBuildPhase;
			buildActionMask = 2147483647;
			files = (
			);
			runOnlyForDeploymentPostprocessing = 0;
		};
		D53031612E113ACD00E8341F /* Sources */ = {
			isa = PBXSourcesBuildPhase;
			buildActionMask = 2147483647;
			files = (
			);
			runOnlyForDeploymentPostprocessing = 0;
		};
		D53033452E16B0CD00E8341F /* Sources */ = {
			isa = PBXSourcesBuildPhase;
			buildActionMask = 2147483647;
			files = (
			);
			runOnlyForDeploymentPostprocessing = 0;
		};
/* End PBXSourcesBuildPhase section */

/* Begin PBXTargetDependency section */
		D530315D2E113ACD00E8341F /* PBXTargetDependency */ = {
			isa = PBXTargetDependency;
			target = D53031432E113ACB00E8341F /* Momentum */;
			targetProxy = D530315C2E113ACD00E8341F /* PBXContainerItemProxy */;
		};
		D53031672E113ACD00E8341F /* PBXTargetDependency */ = {
			isa = PBXTargetDependency;
			target = D53031432E113ACB00E8341F /* Momentum */;
			targetProxy = D53031662E113ACD00E8341F /* PBXContainerItemProxy */;
		};
		D530335E2E16B0CF00E8341F /* PBXTargetDependency */ = {
			isa = PBXTargetDependency;
			target = D53033482E16B0CD00E8341F /* MomentumWidgetExtension */;
			targetProxy = D530335D2E16B0CF00E8341F /* PBXContainerItemProxy */;
		};
/* End PBXTargetDependency section */

/* Begin XCBuildConfiguration section */
		D530316F2E113ACD00E8341F /* Debug */ = {
			isa = XCBuildConfiguration;
			buildSettings = {
				ASSETCATALOG_COMPILER_APPICON_NAME = AppIcon;
				ASSETCATALOG_COMPILER_GLOBAL_ACCENT_COLOR_NAME = AccentColor;
				CODE_SIGN_ENTITLEMENTS = Momentum/Momentum.entitlements;
				CODE_SIGN_STYLE = Automatic;
				CURRENT_PROJECT_VERSION = 11;
				DEVELOPMENT_ASSET_PATHS = "\"Momentum/Preview Content\"";
				DEVELOPMENT_TEAM = 9658TG25VL;
				ENABLE_PREVIEWS = YES;
				GENERATE_INFOPLIST_FILE = YES;
				INFOPLIST_FILE = Momentum/Info.plist;
				INFOPLIST_KEY_UIApplicationSceneManifest_Generation = YES;
				INFOPLIST_KEY_UIApplicationSupportsIndirectInputEvents = YES;
				INFOPLIST_KEY_UILaunchScreen_Generation = YES;
				INFOPLIST_KEY_UISupportedInterfaceOrientations_iPad = "UIInterfaceOrientationPortrait UIInterfaceOrientationPortraitUpsideDown UIInterfaceOrientationLandscapeLeft UIInterfaceOrientationLandscapeRight";
				INFOPLIST_KEY_UISupportedInterfaceOrientations_iPhone = "UIInterfaceOrientationPortrait UIInterfaceOrientationLandscapeLeft UIInterfaceOrientationLandscapeRight";
				LD_RUNPATH_SEARCH_PATHS = (
					"$(inherited)",
					"@executable_path/Frameworks",
				);
				MARKETING_VERSION = 2.1;
				PRODUCT_BUNDLE_IDENTIFIER = com.rubenreut.Momentum;
				PRODUCT_NAME = "$(TARGET_NAME)";
				SUPPORTED_PLATFORMS = "iphoneos iphonesimulator";
				SUPPORTS_MACCATALYST = YES;
				SUPPORTS_XR_DESIGNED_FOR_IPHONE_IPAD = NO;
				SWIFT_EMIT_LOC_STRINGS = YES;
				SWIFT_VERSION = 5.0;
				TARGETED_DEVICE_FAMILY = "1,2";
			};
			name = Debug;
		};
		D53031702E113ACD00E8341F /* Release */ = {
			isa = XCBuildConfiguration;
			buildSettings = {
				ASSETCATALOG_COMPILER_APPICON_NAME = AppIcon;
				ASSETCATALOG_COMPILER_GLOBAL_ACCENT_COLOR_NAME = AccentColor;
				CODE_SIGN_ENTITLEMENTS = Momentum/Momentum.entitlements;
				CODE_SIGN_STYLE = Automatic;
				CURRENT_PROJECT_VERSION = 11;
				DEVELOPMENT_ASSET_PATHS = "\"Momentum/Preview Content\"";
				DEVELOPMENT_TEAM = 9658TG25VL;
				ENABLE_PREVIEWS = YES;
				GENERATE_INFOPLIST_FILE = YES;
				INFOPLIST_FILE = Momentum/Info.plist;
				INFOPLIST_KEY_UIApplicationSceneManifest_Generation = YES;
				INFOPLIST_KEY_UIApplicationSupportsIndirectInputEvents = YES;
				INFOPLIST_KEY_UILaunchScreen_Generation = YES;
				INFOPLIST_KEY_UISupportedInterfaceOrientations_iPad = "UIInterfaceOrientationPortrait UIInterfaceOrientationPortraitUpsideDown UIInterfaceOrientationLandscapeLeft UIInterfaceOrientationLandscapeRight";
				INFOPLIST_KEY_UISupportedInterfaceOrientations_iPhone = "UIInterfaceOrientationPortrait UIInterfaceOrientationLandscapeLeft UIInterfaceOrientationLandscapeRight";
				LD_RUNPATH_SEARCH_PATHS = (
					"$(inherited)",
					"@executable_path/Frameworks",
				);
				MARKETING_VERSION = 2.1;
				PRODUCT_BUNDLE_IDENTIFIER = com.rubenreut.Momentum;
				PRODUCT_NAME = "$(TARGET_NAME)";
				SUPPORTED_PLATFORMS = "iphoneos iphonesimulator";
				SUPPORTS_MACCATALYST = YES;
				SUPPORTS_XR_DESIGNED_FOR_IPHONE_IPAD = NO;
				SWIFT_EMIT_LOC_STRINGS = YES;
				SWIFT_VERSION = 5.0;
				TARGETED_DEVICE_FAMILY = "1,2";
			};
			name = Release;
		};
		D53031712E113ACD00E8341F /* Debug */ = {
			isa = XCBuildConfiguration;
			buildSettings = {
				ALWAYS_SEARCH_USER_PATHS = NO;
				ASSETCATALOG_COMPILER_GENERATE_SWIFT_ASSET_SYMBOL_EXTENSIONS = YES;
				CLANG_ANALYZER_NONNULL = YES;
				CLANG_ANALYZER_NUMBER_OBJECT_CONVERSION = YES_AGGRESSIVE;
				CLANG_CXX_LANGUAGE_STANDARD = "gnu++20";
				CLANG_ENABLE_MODULES = YES;
				CLANG_ENABLE_OBJC_ARC = YES;
				CLANG_ENABLE_OBJC_WEAK = YES;
				CLANG_WARN_BLOCK_CAPTURE_AUTORELEASING = YES;
				CLANG_WARN_BOOL_CONVERSION = YES;
				CLANG_WARN_COMMA = YES;
				CLANG_WARN_CONSTANT_CONVERSION = YES;
				CLANG_WARN_DEPRECATED_OBJC_IMPLEMENTATIONS = YES;
				CLANG_WARN_DIRECT_OBJC_ISA_USAGE = YES_ERROR;
				CLANG_WARN_DOCUMENTATION_COMMENTS = YES;
				CLANG_WARN_EMPTY_BODY = YES;
				CLANG_WARN_ENUM_CONVERSION = YES;
				CLANG_WARN_INFINITE_RECURSION = YES;
				CLANG_WARN_INT_CONVERSION = YES;
				CLANG_WARN_NON_LITERAL_NULL_CONVERSION = YES;
				CLANG_WARN_OBJC_IMPLICIT_RETAIN_SELF = YES;
				CLANG_WARN_OBJC_LITERAL_CONVERSION = YES;
				CLANG_WARN_OBJC_ROOT_CLASS = YES_ERROR;
				CLANG_WARN_QUOTED_INCLUDE_IN_FRAMEWORK_HEADER = YES;
				CLANG_WARN_RANGE_LOOP_ANALYSIS = YES;
				CLANG_WARN_STRICT_PROTOTYPES = YES;
				CLANG_WARN_SUSPICIOUS_MOVE = YES;
				CLANG_WARN_UNGUARDED_AVAILABILITY = YES_AGGRESSIVE;
				CLANG_WARN_UNREACHABLE_CODE = YES;
				CLANG_WARN__DUPLICATE_METHOD_MATCH = YES;
				COPY_PHASE_STRIP = NO;
				DEBUG_INFORMATION_FORMAT = dwarf;
				ENABLE_STRICT_OBJC_MSGSEND = YES;
				ENABLE_TESTABILITY = YES;
				ENABLE_USER_SCRIPT_SANDBOXING = YES;
				GCC_C_LANGUAGE_STANDARD = gnu17;
				GCC_DYNAMIC_NO_PIC = NO;
				GCC_NO_COMMON_BLOCKS = YES;
				GCC_OPTIMIZATION_LEVEL = 0;
				GCC_PREPROCESSOR_DEFINITIONS = (
					"DEBUG=1",
					"$(inherited)",
				);
				GCC_WARN_64_TO_32_BIT_CONVERSION = YES;
				GCC_WARN_ABOUT_RETURN_TYPE = YES_ERROR;
				GCC_WARN_UNDECLARED_SELECTOR = YES;
				GCC_WARN_UNINITIALIZED_AUTOS = YES_AGGRESSIVE;
				GCC_WARN_UNUSED_FUNCTION = YES;
				GCC_WARN_UNUSED_VARIABLE = YES;
				IPHONEOS_DEPLOYMENT_TARGET = 17.0;
				LOCALIZATION_PREFERS_STRING_CATALOGS = YES;
				MTL_ENABLE_DEBUG_INFO = INCLUDE_SOURCE;
				MTL_FAST_MATH = YES;
				ONLY_ACTIVE_ARCH = YES;
				SDKROOT = iphoneos;
				SWIFT_ACTIVE_COMPILATION_CONDITIONS = "DEBUG $(inherited)";
				SWIFT_OPTIMIZATION_LEVEL = "-Onone";
			};
			name = Debug;
		};
		D53031722E113ACD00E8341F /* Release */ = {
			isa = XCBuildConfiguration;
			buildSettings = {
				ALWAYS_SEARCH_USER_PATHS = NO;
				ASSETCATALOG_COMPILER_GENERATE_SWIFT_ASSET_SYMBOL_EXTENSIONS = YES;
				CLANG_ANALYZER_NONNULL = YES;
				CLANG_ANALYZER_NUMBER_OBJECT_CONVERSION = YES_AGGRESSIVE;
				CLANG_CXX_LANGUAGE_STANDARD = "gnu++20";
				CLANG_ENABLE_MODULES = YES;
				CLANG_ENABLE_OBJC_ARC = YES;
				CLANG_ENABLE_OBJC_WEAK = YES;
				CLANG_WARN_BLOCK_CAPTURE_AUTORELEASING = YES;
				CLANG_WARN_BOOL_CONVERSION = YES;
				CLANG_WARN_COMMA = YES;
				CLANG_WARN_CONSTANT_CONVERSION = YES;
				CLANG_WARN_DEPRECATED_OBJC_IMPLEMENTATIONS = YES;
				CLANG_WARN_DIRECT_OBJC_ISA_USAGE = YES_ERROR;
				CLANG_WARN_DOCUMENTATION_COMMENTS = YES;
				CLANG_WARN_EMPTY_BODY = YES;
				CLANG_WARN_ENUM_CONVERSION = YES;
				CLANG_WARN_INFINITE_RECURSION = YES;
				CLANG_WARN_INT_CONVERSION = YES;
				CLANG_WARN_NON_LITERAL_NULL_CONVERSION = YES;
				CLANG_WARN_OBJC_IMPLICIT_RETAIN_SELF = YES;
				CLANG_WARN_OBJC_LITERAL_CONVERSION = YES;
				CLANG_WARN_OBJC_ROOT_CLASS = YES_ERROR;
				CLANG_WARN_QUOTED_INCLUDE_IN_FRAMEWORK_HEADER = YES;
				CLANG_WARN_RANGE_LOOP_ANALYSIS = YES;
				CLANG_WARN_STRICT_PROTOTYPES = YES;
				CLANG_WARN_SUSPICIOUS_MOVE = YES;
				CLANG_WARN_UNGUARDED_AVAILABILITY = YES_AGGRESSIVE;
				CLANG_WARN_UNREACHABLE_CODE = YES;
				CLANG_WARN__DUPLICATE_METHOD_MATCH = YES;
				COPY_PHASE_STRIP = NO;
				DEBUG_INFORMATION_FORMAT = "dwarf-with-dsym";
				ENABLE_NS_ASSERTIONS = NO;
				ENABLE_STRICT_OBJC_MSGSEND = YES;
				ENABLE_USER_SCRIPT_SANDBOXING = YES;
				GCC_C_LANGUAGE_STANDARD = gnu17;
				GCC_NO_COMMON_BLOCKS = YES;
				GCC_WARN_64_TO_32_BIT_CONVERSION = YES;
				GCC_WARN_ABOUT_RETURN_TYPE = YES_ERROR;
				GCC_WARN_UNDECLARED_SELECTOR = YES;
				GCC_WARN_UNINITIALIZED_AUTOS = YES_AGGRESSIVE;
				GCC_WARN_UNUSED_FUNCTION = YES;
				GCC_WARN_UNUSED_VARIABLE = YES;
				IPHONEOS_DEPLOYMENT_TARGET = 17.0;
				LOCALIZATION_PREFERS_STRING_CATALOGS = YES;
				MTL_ENABLE_DEBUG_INFO = NO;
				MTL_FAST_MATH = YES;
				SDKROOT = iphoneos;
				SWIFT_COMPILATION_MODE = wholemodule;
				VALIDATE_PRODUCT = YES;
			};
			name = Release;
		};
		D53031742E113ACD00E8341F /* Debug */ = {
			isa = XCBuildConfiguration;
			buildSettings = {
				BUNDLE_LOADER = "$(TEST_HOST)";
				CODE_SIGN_STYLE = Automatic;
				CURRENT_PROJECT_VERSION = 11;
				DEVELOPMENT_TEAM = 9658TG25VL;
				GENERATE_INFOPLIST_FILE = YES;
				IPHONEOS_DEPLOYMENT_TARGET = 17.0;
				MARKETING_VERSION = 2.1;
				PRODUCT_BUNDLE_IDENTIFIER = com.rubenreut.MomentumTests;
				PRODUCT_NAME = "$(TARGET_NAME)";
				SWIFT_EMIT_LOC_STRINGS = NO;
				SWIFT_VERSION = 5.0;
				TARGETED_DEVICE_FAMILY = 1;
				TEST_HOST = "$(BUILT_PRODUCTS_DIR)/Momentum.app/$(BUNDLE_EXECUTABLE_FOLDER_PATH)/Momentum";
			};
			name = Debug;
		};
		D53031752E113ACD00E8341F /* Release */ = {
			isa = XCBuildConfiguration;
			buildSettings = {
				BUNDLE_LOADER = "$(TEST_HOST)";
				CODE_SIGN_STYLE = Automatic;
				CURRENT_PROJECT_VERSION = 11;
				DEVELOPMENT_TEAM = 9658TG25VL;
				GENERATE_INFOPLIST_FILE = YES;
				IPHONEOS_DEPLOYMENT_TARGET = 17.0;
				MARKETING_VERSION = 2.1;
				PRODUCT_BUNDLE_IDENTIFIER = com.rubenreut.MomentumTests;
				PRODUCT_NAME = "$(TARGET_NAME)";
				SWIFT_EMIT_LOC_STRINGS = NO;
				SWIFT_VERSION = 5.0;
				TARGETED_DEVICE_FAMILY = 1;
				TEST_HOST = "$(BUILT_PRODUCTS_DIR)/Momentum.app/$(BUNDLE_EXECUTABLE_FOLDER_PATH)/Momentum";
			};
			name = Release;
		};
		D53031772E113ACD00E8341F /* Debug */ = {
			isa = XCBuildConfiguration;
			buildSettings = {
				CODE_SIGN_STYLE = Automatic;
				CURRENT_PROJECT_VERSION = 11;
				DEVELOPMENT_TEAM = 9658TG25VL;
				GENERATE_INFOPLIST_FILE = YES;
				MARKETING_VERSION = 2.1;
				PRODUCT_BUNDLE_IDENTIFIER = com.rubenreut.MomentumUITests;
				PRODUCT_NAME = "$(TARGET_NAME)";
				SWIFT_EMIT_LOC_STRINGS = NO;
				SWIFT_VERSION = 5.0;
				TARGETED_DEVICE_FAMILY = 1;
				TEST_TARGET_NAME = Momentum;
			};
			name = Debug;
		};
		D53031782E113ACD00E8341F /* Release */ = {
			isa = XCBuildConfiguration;
			buildSettings = {
				CODE_SIGN_STYLE = Automatic;
				CURRENT_PROJECT_VERSION = 11;
				DEVELOPMENT_TEAM = 9658TG25VL;
				GENERATE_INFOPLIST_FILE = YES;
				MARKETING_VERSION = 2.1;
				PRODUCT_BUNDLE_IDENTIFIER = com.rubenreut.MomentumUITests;
				PRODUCT_NAME = "$(TARGET_NAME)";
				SWIFT_EMIT_LOC_STRINGS = NO;
				SWIFT_VERSION = 5.0;
				TARGETED_DEVICE_FAMILY = 1;
				TEST_TARGET_NAME = Momentum;
			};
			name = Release;
		};
		D53033622E16B0CF00E8341F /* Debug */ = {
			isa = XCBuildConfiguration;
			buildSettings = {
				ASSETCATALOG_COMPILER_GLOBAL_ACCENT_COLOR_NAME = AccentColor;
				ASSETCATALOG_COMPILER_WIDGET_BACKGROUND_COLOR_NAME = WidgetBackground;
				CODE_SIGN_ENTITLEMENTS = MomentumWidgetExtension.entitlements;
				CODE_SIGN_STYLE = Automatic;
				CURRENT_PROJECT_VERSION = 11;
				DEVELOPMENT_TEAM = 9658TG25VL;
				GENERATE_INFOPLIST_FILE = YES;
				INFOPLIST_FILE = MomentumWidget/Info.plist;
				INFOPLIST_KEY_CFBundleDisplayName = com.rubenreut.momentum.widget;
				INFOPLIST_KEY_NSHumanReadableCopyright = "";
				IPHONEOS_DEPLOYMENT_TARGET = 18.0;
				LD_RUNPATH_SEARCH_PATHS = (
					"$(inherited)",
					"@executable_path/Frameworks",
					"@executable_path/../../Frameworks",
				);
				MARKETING_VERSION = 2.1;
				PRODUCT_BUNDLE_IDENTIFIER = com.rubenreut.Momentum.MomentumWidget;
				PRODUCT_NAME = "$(TARGET_NAME)";
				SKIP_INSTALL = YES;
				SUPPORTED_PLATFORMS = "iphoneos iphonesimulator";
				SUPPORTS_MACCATALYST = YES;
				SUPPORTS_XR_DESIGNED_FOR_IPHONE_IPAD = NO;
				SWIFT_EMIT_LOC_STRINGS = YES;
				SWIFT_VERSION = 5.0;
				TARGETED_DEVICE_FAMILY = "1,2";
			};
			name = Debug;
		};
		D53033632E16B0CF00E8341F /* Release */ = {
			isa = XCBuildConfiguration;
			buildSettings = {
				ASSETCATALOG_COMPILER_GLOBAL_ACCENT_COLOR_NAME = AccentColor;
				ASSETCATALOG_COMPILER_WIDGET_BACKGROUND_COLOR_NAME = WidgetBackground;
				CODE_SIGN_ENTITLEMENTS = MomentumWidgetExtension.entitlements;
				CODE_SIGN_STYLE = Automatic;
				CURRENT_PROJECT_VERSION = 11;
				DEVELOPMENT_TEAM = 9658TG25VL;
				GENERATE_INFOPLIST_FILE = YES;
				INFOPLIST_FILE = MomentumWidget/Info.plist;
				INFOPLIST_KEY_CFBundleDisplayName = com.rubenreut.momentum.widget;
				INFOPLIST_KEY_NSHumanReadableCopyright = "";
				IPHONEOS_DEPLOYMENT_TARGET = 18.0;
				LD_RUNPATH_SEARCH_PATHS = (
					"$(inherited)",
					"@executable_path/Frameworks",
					"@executable_path/../../Frameworks",
				);
				MARKETING_VERSION = 2.1;
				PRODUCT_BUNDLE_IDENTIFIER = com.rubenreut.Momentum.MomentumWidget;
				PRODUCT_NAME = "$(TARGET_NAME)";
				SKIP_INSTALL = YES;
				SUPPORTED_PLATFORMS = "iphoneos iphonesimulator";
				SUPPORTS_MACCATALYST = YES;
				SUPPORTS_XR_DESIGNED_FOR_IPHONE_IPAD = NO;
				SWIFT_EMIT_LOC_STRINGS = YES;
				SWIFT_VERSION = 5.0;
				TARGETED_DEVICE_FAMILY = "1,2";
			};
			name = Release;
		};
/* End XCBuildConfiguration section */

/* Begin XCConfigurationList section */
		D530313F2E113ACB00E8341F /* Build configuration list for PBXProject "Momentum" */ = {
			isa = XCConfigurationList;
			buildConfigurations = (
				D53031712E113ACD00E8341F /* Debug */,
				D53031722E113ACD00E8341F /* Release */,
			);
			defaultConfigurationIsVisible = 0;
			defaultConfigurationName = Release;
		};
		D530316E2E113ACD00E8341F /* Build configuration list for PBXNativeTarget "Momentum" */ = {
			isa = XCConfigurationList;
			buildConfigurations = (
				D530316F2E113ACD00E8341F /* Debug */,
				D53031702E113ACD00E8341F /* Release */,
			);
			defaultConfigurationIsVisible = 0;
			defaultConfigurationName = Release;
		};
		D53031732E113ACD00E8341F /* Build configuration list for PBXNativeTarget "MomentumTests" */ = {
			isa = XCConfigurationList;
			buildConfigurations = (
				D53031742E113ACD00E8341F /* Debug */,
				D53031752E113ACD00E8341F /* Release */,
			);
			defaultConfigurationIsVisible = 0;
			defaultConfigurationName = Release;
		};
		D53031762E113ACD00E8341F /* Build configuration list for PBXNativeTarget "MomentumUITests" */ = {
			isa = XCConfigurationList;
			buildConfigurations = (
				D53031772E113ACD00E8341F /* Debug */,
				D53031782E113ACD00E8341F /* Release */,
			);
			defaultConfigurationIsVisible = 0;
			defaultConfigurationName = Release;
		};
		D53033612E16B0CF00E8341F /* Build configuration list for PBXNativeTarget "MomentumWidgetExtension" */ = {
			isa = XCConfigurationList;
			buildConfigurations = (
				D53033622E16B0CF00E8341F /* Debug */,
				D53033632E16B0CF00E8341F /* Release */,
			);
			defaultConfigurationIsVisible = 0;
			defaultConfigurationName = Release;
		};
/* End XCConfigurationList section */
	};
	rootObject = D530313C2E113ACB00E8341F /* Project object */;
}
